
Microsoft Visual Studio Solution File, Format Version 12.00
# Visual Studio Version 17
VisualStudioVersion = 17.0.31903.59
MinimumVisualStudioVersion = 10.0.40219.1
Project("{2150E333-8FDC-42A3-9474-1A3956D46DE8}") = "src", "src", "{827E0CD3-B72D-47B6-A68D-7590B98EB39B}"
EndProject
Project("{FAE04EC0-301F-11D3-BF4B-00C04F79EFBC}") = "Finance.Domain", "src\Finance.Domain\Finance.Domain.csproj", "{533949DE-B8D6-4706-8346-020CE3D41C76}"
EndProject
Project("{FAE04EC0-301F-11D3-BF4B-00C04F79EFBC}") = "Finance.Application", "src\Finance.Application\Finance.Application.csproj", "{A47F09F0-F761-4E60-886F-96CBE34A9918}"
EndProject
Project("{FAE04EC0-301F-11D3-BF4B-00C04F79EFBC}") = "Finance.Infrastructure", "src\Finance.Infrastructure\Finance.Infrastructure.csproj", "{FB84B7DC-0E73-4C08-835A-A15E3955A806}"
EndProject
Project("{FAE04EC0-301F-11D3-BF4B-00C04F79EFBC}") = "Finance.API", "src\Finance.API\Finance.API.csproj", "{1173A798-09D4-40C6-B482-4F2973FA89AE}"
EndProject
Project("{FAE04EC0-301F-11D3-BF4B-00C04F79EFBC}") = "Finance.Web", "src\Finance.Web\Finance.Web.csproj", "{03C4C58E-B82E-4451-96B0-4A443EED27BF}"
EndProject
Project("{2150E333-8FDC-42A3-9474-1A3956D46DE8}") = "tests", "tests", "{0AB3BF05-4346-4AA6-1389-037BE0695223}"
EndProject
Project("{FAE04EC0-301F-11D3-BF4B-00C04F79EFBC}") = "Finance.Application.Tests", "tests\Finance.Application.Tests\Finance.Application.Tests.csproj", "{49BF8B90-12FE-4C87-9654-8721DCD624B6}"
EndProject
Global
	GlobalSection(SolutionConfigurationPlatforms) = preSolution
		Debug|Any CPU = Debug|Any CPU
		Debug|x64 = Debug|x64
		Debug|x86 = Debug|x86
		Release|Any CPU = Release|Any CPU
		Release|x64 = Release|x64
		Release|x86 = Release|x86
	EndGlobalSection
	GlobalSection(ProjectConfigurationPlatforms) = postSolution
		{533949DE-B8D6-4706-8346-020CE3D41C76}.Debug|Any CPU.ActiveCfg = Debug|Any CPU
		{533949DE-B8D6-4706-8346-020CE3D41C76}.Debug|Any CPU.Build.0 = Debug|Any CPU
		{533949DE-B8D6-4706-8346-020CE3D41C76}.Debug|x64.ActiveCfg = Debug|Any CPU
		{533949DE-B8D6-4706-8346-020CE3D41C76}.Debug|x64.Build.0 = Debug|Any CPU
		{533949DE-B8D6-4706-8346-020CE3D41C76}.Debug|x86.ActiveCfg = Debug|Any CPU
		{533949DE-B8D6-4706-8346-020CE3D41C76}.Debug|x86.Build.0 = Debug|Any CPU
		{533949DE-B8D6-4706-8346-020CE3D41C76}.Release|Any CPU.ActiveCfg = Release|Any CPU
		{533949DE-B8D6-4706-8346-020CE3D41C76}.Release|Any CPU.Build.0 = Release|Any CPU
		{533949DE-B8D6-4706-8346-020CE3D41C76}.Release|x64.ActiveCfg = Release|Any CPU
		{533949DE-B8D6-4706-8346-020CE3D41C76}.Release|x64.Build.0 = Release|Any CPU
		{533949DE-B8D6-4706-8346-020CE3D41C76}.Release|x86.ActiveCfg = Release|Any CPU
		{533949DE-B8D6-4706-8346-020CE3D41C76}.Release|x86.Build.0 = Release|Any CPU
		{A47F09F0-F761-4E60-886F-96CBE34A9918}.Debug|Any CPU.ActiveCfg = Debug|Any CPU
		{A47F09F0-F761-4E60-886F-96CBE34A9918}.Debug|Any CPU.Build.0 = Debug|Any CPU
		{A47F09F0-F761-4E60-886F-96CBE34A9918}.Debug|x64.ActiveCfg = Debug|Any CPU
		{A47F09F0-F761-4E60-886F-96CBE34A9918}.Debug|x64.Build.0 = Debug|Any CPU
		{A47F09F0-F761-4E60-886F-96CBE34A9918}.Debug|x86.ActiveCfg = Debug|Any CPU
		{A47F09F0-F761-4E60-886F-96CBE34A9918}.Debug|x86.Build.0 = Debug|Any CPU
		{A47F09F0-F761-4E60-886F-96CBE34A9918}.Release|Any CPU.ActiveCfg = Release|Any CPU
		{A47F09F0-F761-4E60-886F-96CBE34A9918}.Release|Any CPU.Build.0 = Release|Any CPU
		{A47F09F0-F761-4E60-886F-96CBE34A9918}.Release|x64.ActiveCfg = Release|Any CPU
		{A47F09F0-F761-4E60-886F-96CBE34A9918}.Release|x64.Build.0 = Release|Any CPU
		{A47F09F0-F761-4E60-886F-96CBE34A9918}.Release|x86.ActiveCfg = Release|Any CPU
		{A47F09F0-F761-4E60-886F-96CBE34A9918}.Release|x86.Build.0 = Release|Any CPU
		{FB84B7DC-0E73-4C08-835A-A15E3955A806}.Debug|Any CPU.ActiveCfg = Debug|Any CPU
		{FB84B7DC-0E73-4C08-835A-A15E3955A806}.Debug|Any CPU.Build.0 = Debug|Any CPU
		{FB84B7DC-0E73-4C08-835A-A15E3955A806}.Debug|x64.ActiveCfg = Debug|Any CPU
		{FB84B7DC-0E73-4C08-835A-A15E3955A806}.Debug|x64.Build.0 = Debug|Any CPU
		{FB84B7DC-0E73-4C08-835A-A15E3955A806}.Debug|x86.ActiveCfg = Debug|Any CPU
		{FB84B7DC-0E73-4C08-835A-A15E3955A806}.Debug|x86.Build.0 = Debug|Any CPU
		{FB84B7DC-0E73-4C08-835A-A15E3955A806}.Release|Any CPU.ActiveCfg = Release|Any CPU
		{FB84B7DC-0E73-4C08-835A-A15E3955A806}.Release|Any CPU.Build.0 = Release|Any CPU
		{FB84B7DC-0E73-4C08-835A-A15E3955A806}.Release|x64.ActiveCfg = Release|Any CPU
		{FB84B7DC-0E73-4C08-835A-A15E3955A806}.Release|x64.Build.0 = Release|Any CPU
		{FB84B7DC-0E73-4C08-835A-A15E3955A806}.Release|x86.ActiveCfg = Release|Any CPU
		{FB84B7DC-0E73-4C08-835A-A15E3955A806}.Release|x86.Build.0 = Release|Any CPU
		{1173A798-09D4-40C6-B482-4F2973FA89AE}.Debug|Any CPU.ActiveCfg = Debug|Any CPU
		{1173A798-09D4-40C6-B482-4F2973FA89AE}.Debug|Any CPU.Build.0 = Debug|Any CPU
		{1173A798-09D4-40C6-B482-4F2973FA89AE}.Debug|x64.ActiveCfg = Debug|Any CPU
		{1173A798-09D4-40C6-B482-4F2973FA89AE}.Debug|x64.Build.0 = Debug|Any CPU
		{1173A798-09D4-40C6-B482-4F2973FA89AE}.Debug|x86.ActiveCfg = Debug|Any CPU
		{1173A798-09D4-40C6-B482-4F2973FA89AE}.Debug|x86.Build.0 = Debug|Any CPU
		{1173A798-09D4-40C6-B482-4F2973FA89AE}.Release|Any CPU.ActiveCfg = Release|Any CPU
		{1173A798-09D4-40C6-B482-4F2973FA89AE}.Release|Any CPU.Build.0 = Release|Any CPU
		{1173A798-09D4-40C6-B482-4F2973FA89AE}.Release|x64.ActiveCfg = Release|Any CPU
		{1173A798-09D4-40C6-B482-4F2973FA89AE}.Release|x64.Build.0 = Release|Any CPU
		{1173A798-09D4-40C6-B482-4F2973FA89AE}.Release|x86.ActiveCfg = Release|Any CPU
		{1173A798-09D4-40C6-B482-4F2973FA89AE}.Release|x86.Build.0 = Release|Any CPU
		{03C4C58E-B82E-4451-96B0-4A443EED27BF}.Debug|Any CPU.ActiveCfg = Debug|Any CPU
		{03C4C58E-B82E-4451-96B0-4A443EED27BF}.Debug|Any CPU.Build.0 = Debug|Any CPU
		{03C4C58E-B82E-4451-96B0-4A443EED27BF}.Debug|x64.ActiveCfg = Debug|Any CPU
		{03C4C58E-B82E-4451-96B0-4A443EED27BF}.Debug|x64.Build.0 = Debug|Any CPU
		{03C4C58E-B82E-4451-96B0-4A443EED27BF}.Debug|x86.ActiveCfg = Debug|Any CPU
		{03C4C58E-B82E-4451-96B0-4A443EED27BF}.Debug|x86.Build.0 = Debug|Any CPU
		{03C4C58E-B82E-4451-96B0-4A443EED27BF}.Release|Any CPU.ActiveCfg = Release|Any CPU
		{03C4C58E-B82E-4451-96B0-4A443EED27BF}.Release|Any CPU.Build.0 = Release|Any CPU
		{03C4C58E-B82E-4451-96B0-4A443EED27BF}.Release|x64.ActiveCfg = Release|Any CPU
		{03C4C58E-B82E-4451-96B0-4A443EED27BF}.Release|x64.Build.0 = Release|Any CPU
		{03C4C58E-B82E-4451-96B0-4A443EED27BF}.Release|x86.ActiveCfg = Release|Any CPU
		{03C4C58E-B82E-4451-96B0-4A443EED27BF}.Release|x86.Build.0 = Release|Any CPU
		{49BF8B90-12FE-4C87-9654-8721DCD624B6}.Debug|Any CPU.ActiveCfg = Debug|Any CPU
		{49BF8B90-12FE-4C87-9654-8721DCD624B6}.Debug|Any CPU.Build.0 = Debug|Any CPU
		{49BF8B90-12FE-4C87-9654-8721DCD624B6}.Debug|x64.ActiveCfg = Debug|Any CPU
		{49BF8B90-12FE-4C87-9654-8721DCD624B6}.Debug|x64.Build.0 = Debug|Any CPU
		{49BF8B90-12FE-4C87-9654-8721DCD624B6}.Debug|x86.ActiveCfg = Debug|Any CPU
		{49BF8B90-12FE-4C87-9654-8721DCD624B6}.Debug|x86.Build.0 = Debug|Any CPU
		{49BF8B90-12FE-4C87-9654-8721DCD624B6}.Release|Any CPU.ActiveCfg = Release|Any CPU
		{49BF8B90-12FE-4C87-9654-8721DCD624B6}.Release|Any CPU.Build.0 = Release|Any CPU
		{49BF8B90-12FE-4C87-9654-8721DCD624B6}.Release|x64.ActiveCfg = Release|Any CPU
		{49BF8B90-12FE-4C87-9654-8721DCD624B6}.Release|x64.Build.0 = Release|Any CPU
		{49BF8B90-12FE-4C87-9654-8721DCD624B6}.Release|x86.ActiveCfg = Release|Any CPU
		{49BF8B90-12FE-4C87-9654-8721DCD624B6}.Release|x86.Build.0 = Release|Any CPU
	EndGlobalSection
	GlobalSection(SolutionProperties) = preSolution
		HideSolutionNode = FALSE
	EndGlobalSection
	GlobalSection(NestedProjects) = preSolution
		{533949DE-B8D6-4706-8346-020CE3D41C76} = {827E0CD3-B72D-47B6-A68D-7590B98EB39B}
		{A47F09F0-F761-4E60-886F-96CBE34A9918} = {827E0CD3-B72D-47B6-A68D-7590B98EB39B}
		{FB84B7DC-0E73-4C08-835A-A15E3955A806} = {827E0CD3-B72D-47B6-A68D-7590B98EB39B}
		{1173A798-09D4-40C6-B482-4F2973FA89AE} = {827E0CD3-B72D-47B6-A68D-7590B98EB39B}
		{03C4C58E-B82E-4451-96B0-4A443EED27BF} = {827E0CD3-B72D-47B6-A68D-7590B98EB39B}
		{49BF8B90-12FE-4C87-9654-8721DCD624B6} = {0AB3BF05-4346-4AA6-1389-037BE0695223}
	EndGlobalSection
EndGlobal
